{
  "version": 4,
  "terraform_version": "1.12.2",
  "serial": 40,
  "lineage": "72d5a8f7-83cb-a06a-77da-feb68fea070e",
  "outputs": {},
  "resources": [
    {
      "mode": "data",
      "type": "google_project",
      "name": "dev_project",
      "provider": "provider[\"registry.terraform.io/hashicorp/google\"]",
      "instances": [
        {
          "schema_version": 0,
          "attributes": {
            "auto_create_network": null,
            "billing_account": "016663-6F4040-C88E3C",
            "deletion_policy": "PREVENT",
            "effective_labels": {
              "firebase": "enabled",
              "firebase-core": "disabled",
              "generative-language": "enabled"
            },
            "folder_id": null,
            "id": "projects/my-first-project-199607",
            "labels": {
              "firebase": "enabled",
              "firebase-core": "disabled",
              "generative-language": "enabled"
            },
            "name": "My First Project",
            "number": "716844972710",
            "org_id": null,
            "project_id": "my-first-project-199607",
            "tags": null,
            "terraform_labels": {
              "firebase": "enabled",
              "firebase-core": "disabled",
              "generative-language": "enabled"
            }
          },
          "sensitive_attributes": [],
          "identity_schema_version": 0
        }
      ]
    },
    {
      "mode": "data",
      "type": "google_project",
      "name": "project",
      "provider": "provider[\"registry.terraform.io/hashicorp/google\"]",
      "instances": [
        {
          "schema_version": 0,
          "attributes": {
            "auto_create_network": null,
            "billing_account": "016663-6F4040-C88E3C",
            "deletion_policy": "PREVENT",
            "effective_labels": {
              "firebase": "enabled",
              "firebase-core": "disabled",
              "generative-language": "enabled"
            },
            "folder_id": null,
            "id": "projects/my-first-project-199607",
            "labels": {
              "firebase": "enabled",
              "firebase-core": "disabled",
              "generative-language": "enabled"
            },
            "name": "My First Project",
            "number": "716844972710",
            "org_id": null,
            "project_id": "my-first-project-199607",
            "tags": null,
            "terraform_labels": {
              "firebase": "enabled",
              "firebase-core": "disabled",
              "generative-language": "enabled"
            }
          },
          "sensitive_attributes": [],
          "identity_schema_version": 0
        }
      ]
    },
    {
      "mode": "managed",
      "type": "google_bigquery_dataset",
      "name": "feedback_dataset",
      "provider": "provider[\"registry.terraform.io/hashicorp/google\"]",
      "instances": [
        {
          "schema_version": 0,
          "attributes": {
            "access": [
              {
                "condition": [],
                "dataset": [],
                "domain": "",
                "group_by_email": "",
                "iam_member": "",
                "role": "OWNER",
                "routine": [],
                "special_group": "",
                "user_by_email": "blanc.matthieu@gmail.com",
                "view": []
              },
              {
                "condition": [],
                "dataset": [],
                "domain": "",
                "group_by_email": "",
                "iam_member": "",
                "role": "OWNER",
                "routine": [],
                "special_group": "projectOwners",
                "user_by_email": "",
                "view": []
              },
              {
                "condition": [],
                "dataset": [],
                "domain": "",
                "group_by_email": "",
                "iam_member": "",
                "role": "READER",
                "routine": [],
                "special_group": "projectReaders",
                "user_by_email": "",
                "view": []
              },
              {
                "condition": [],
                "dataset": [],
                "domain": "",
                "group_by_email": "",
                "iam_member": "",
                "role": "WRITER",
                "routine": [],
                "special_group": "projectWriters",
                "user_by_email": "",
                "view": []
              }
            ],
            "creation_time": 1755199626125,
            "dataset_id": "ai_news_agent_feedback",
            "default_collation": "",
            "default_encryption_configuration": [],
            "default_partition_expiration_ms": 0,
            "default_table_expiration_ms": 0,
            "delete_contents_on_destroy": false,
            "description": "",
            "effective_labels": {
              "goog-terraform-provisioned": "true"
            },
            "etag": "dVGbpB4HZyusb0o+6jzxMA==",
            "external_catalog_dataset_options": [],
            "external_dataset_reference": [],
            "friendly_name": "ai-news-agent_feedback",
            "id": "projects/my-first-project-199607/datasets/ai_news_agent_feedback",
            "is_case_insensitive": false,
            "labels": null,
            "last_modified_time": 1755199626125,
            "location": "us-central1",
            "max_time_travel_hours": "168",
            "project": "my-first-project-199607",
            "resource_tags": null,
            "self_link": "https://bigquery.googleapis.com/bigquery/v2/projects/my-first-project-199607/datasets/ai_news_agent_feedback",
            "storage_billing_model": "",
            "terraform_labels": {
              "goog-terraform-provisioned": "true"
            },
            "timeouts": null
          },
          "sensitive_attributes": [],
          "identity_schema_version": 0,
          "private": "eyJlMmJmYjczMC1lY2FhLTExZTYtOGY4OC0zNDM2M2JjN2M0YzAiOnsiY3JlYXRlIjoxMjAwMDAwMDAwMDAwLCJkZWxldGUiOjEyMDAwMDAwMDAwMDAsInVwZGF0ZSI6MTIwMDAwMDAwMDAwMH19",
          "dependencies": [
            "google_project_service.services"
          ]
        }
      ]
    },
    {
      "mode": "managed",
      "type": "google_bigquery_dataset",
      "name": "telemetry_logs_dataset",
      "provider": "provider[\"registry.terraform.io/hashicorp/google\"]",
      "instances": [
        {
          "schema_version": 0,
          "attributes": {
            "access": [
              {
                "condition": [],
                "dataset": [],
                "domain": "",
                "group_by_email": "",
                "iam_member": "",
                "role": "OWNER",
                "routine": [],
                "special_group": "",
                "user_by_email": "blanc.matthieu@gmail.com",
                "view": []
              },
              {
                "condition": [],
                "dataset": [],
                "domain": "",
                "group_by_email": "",
                "iam_member": "",
                "role": "OWNER",
                "routine": [],
                "special_group": "projectOwners",
                "user_by_email": "",
                "view": []
              },
              {
                "condition": [],
                "dataset": [],
                "domain": "",
                "group_by_email": "",
                "iam_member": "",
                "role": "READER",
                "routine": [],
                "special_group": "projectReaders",
                "user_by_email": "",
                "view": []
              },
              {
                "condition": [],
                "dataset": [],
                "domain": "",
                "group_by_email": "",
                "iam_member": "",
                "role": "WRITER",
                "routine": [],
                "special_group": "projectWriters",
                "user_by_email": "",
                "view": []
              }
            ],
            "creation_time": 1755199626122,
            "dataset_id": "ai_news_agent_telemetry",
            "default_collation": "",
            "default_encryption_configuration": [],
            "default_partition_expiration_ms": 0,
            "default_table_expiration_ms": 0,
            "delete_contents_on_destroy": false,
            "description": "",
            "effective_labels": {
              "goog-terraform-provisioned": "true"
            },
            "etag": "UnibcM16zV9UdxAvJfQiXA==",
            "external_catalog_dataset_options": [],
            "external_dataset_reference": [],
            "friendly_name": "ai-news-agent_telemetry",
            "id": "projects/my-first-project-199607/datasets/ai_news_agent_telemetry",
            "is_case_insensitive": false,
            "labels": null,
            "last_modified_time": 1755199626122,
            "location": "us-central1",
            "max_time_travel_hours": "168",
            "project": "my-first-project-199607",
            "resource_tags": null,
            "self_link": "https://bigquery.googleapis.com/bigquery/v2/projects/my-first-project-199607/datasets/ai_news_agent_telemetry",
            "storage_billing_model": "",
            "terraform_labels": {
              "goog-terraform-provisioned": "true"
            },
            "timeouts": null
          },
          "sensitive_attributes": [],
          "identity_schema_version": 0,
          "private": "eyJlMmJmYjczMC1lY2FhLTExZTYtOGY4OC0zNDM2M2JjN2M0YzAiOnsiY3JlYXRlIjoxMjAwMDAwMDAwMDAwLCJkZWxldGUiOjEyMDAwMDAwMDAwMDAsInVwZGF0ZSI6MTIwMDAwMDAwMDAwMH19",
          "dependencies": [
            "google_project_service.services"
          ]
        }
      ]
    },
    {
      "mode": "managed",
      "type": "google_cloud_run_v2_service",
      "name": "app",
      "provider": "provider[\"registry.terraform.io/hashicorp/google\"]",
      "instances": [
        {
          "schema_version": 0,
          "attributes": {
            "annotations": null,
            "binary_authorization": [],
            "build_config": [],
            "client": "",
            "client_version": "",
            "conditions": [
              {
                "execution_reason": "",
                "last_transition_time": "2025-08-14T19:27:27.646794Z",
                "message": "",
                "reason": "",
                "revision_reason": "",
                "severity": "",
                "state": "CONDITION_SUCCEEDED",
                "type": "RoutesReady"
              },
              {
                "execution_reason": "",
                "last_transition_time": "2025-08-14T19:27:26.369646Z",
                "message": "",
                "reason": "",
                "revision_reason": "",
                "severity": "",
                "state": "CONDITION_SUCCEEDED",
                "type": "ConfigurationsReady"
              }
            ],
            "create_time": "2025-08-14T19:27:22.644567Z",
            "creator": "blanc.matthieu@gmail.com",
            "custom_audiences": null,
            "delete_time": "",
            "deletion_protection": false,
            "description": "",
            "effective_annotations": {},
            "effective_labels": {
              "goog-terraform-provisioned": "true"
            },
            "etag": "\"CJrx-MQGENifrbMC/cHJvamVjdHMvbXktZmlyc3QtcHJvamVjdC0xOTk2MDcvbG9jYXRpb25zL3VzLWNlbnRyYWwxL3NlcnZpY2VzL2FpLW5ld3MtYWdlbnQ\"",
            "expire_time": "",
            "generation": "1",
            "id": "projects/my-first-project-199607/locations/us-central1/services/ai-news-agent",
            "ingress": "INGRESS_TRAFFIC_ALL",
            "invoker_iam_disabled": false,
            "labels": null,
            "last_modifier": "blanc.matthieu@gmail.com",
            "latest_created_revision": "projects/my-first-project-199607/locations/us-central1/services/ai-news-agent/revisions/ai-news-agent-00001-hnd",
            "latest_ready_revision": "projects/my-first-project-199607/locations/us-central1/services/ai-news-agent/revisions/ai-news-agent-00001-hnd",
            "launch_stage": "GA",
            "location": "us-central1",
            "name": "ai-news-agent",
            "observed_generation": "1",
            "project": "my-first-project-199607",
            "reconciling": false,
            "scaling": [],
            "template": [
              {
                "annotations": null,
                "containers": [
                  {
                    "args": null,
                    "base_image_uri": "",
                    "build_info": [],
                    "command": null,
                    "depends_on": null,
                    "env": [],
                    "image": "us-docker.pkg.dev/cloudrun/container/hello",
                    "liveness_probe": [],
                    "name": "",
                    "ports": [
                      {
                        "container_port": 8080,
                        "name": "http1"
                      }
                    ],
                    "resources": [
                      {
                        "cpu_idle": false,
                        "limits": {
                          "cpu": "4",
                          "memory": "8Gi"
                        },
                        "startup_cpu_boost": false
                      }
                    ],
                    "startup_probe": [
                      {
                        "failure_threshold": 1,
                        "grpc": [],
                        "http_get": [],
                        "initial_delay_seconds": 0,
                        "period_seconds": 240,
                        "tcp_socket": [
                          {
                            "port": 8080
                          }
                        ],
                        "timeout_seconds": 240
                      }
                    ],
                    "volume_mounts": [],
                    "working_dir": ""
                  }
                ],
                "encryption_key": "",
                "execution_environment": "",
                "gpu_zonal_redundancy_disabled": false,
                "labels": null,
                "max_instance_request_concurrency": 40,
                "node_selector": [],
                "revision": "",
                "scaling": [
                  {
                    "max_instance_count": 10,
                    "min_instance_count": 1
                  }
                ],
                "service_account": "ai-news-agent-app@my-first-project-199607.iam.gserviceaccount.com",
                "session_affinity": true,
                "timeout": "300s",
                "volumes": [],
                "vpc_access": []
              }
            ],
            "terminal_condition": [
              {
                "execution_reason": "",
                "last_transition_time": "2025-08-14T19:27:27.748453Z",
                "message": "",
                "reason": "",
                "revision_reason": "",
                "severity": "",
                "state": "CONDITION_SUCCEEDED",
                "type": "Ready"
              }
            ],
            "terraform_labels": {
              "goog-terraform-provisioned": "true"
            },
            "timeouts": null,
            "traffic": [
              {
                "percent": 100,
                "revision": "",
                "tag": "",
                "type": "TRAFFIC_TARGET_ALLOCATION_TYPE_LATEST"
              }
            ],
            "traffic_statuses": [
              {
                "percent": 100,
                "revision": "",
                "tag": "",
                "type": "TRAFFIC_TARGET_ALLOCATION_TYPE_LATEST",
                "uri": ""
              }
            ],
            "uid": "7d04c3a4-f6de-40f8-912f-7045c6db021b",
            "update_time": "2025-08-14T19:27:22.644567Z",
            "uri": "https://ai-news-agent-wcgtrr6j4q-uc.a.run.app",
            "urls": [
              "https://ai-news-agent-716844972710.us-central1.run.app",
              "https://ai-news-agent-wcgtrr6j4q-uc.a.run.app"
            ]
          },
          "sensitive_attributes": [],
          "identity_schema_version": 0,
          "private": "eyJlMmJmYjczMC1lY2FhLTExZTYtOGY4OC0zNDM2M2JjN2M0YzAiOnsiY3JlYXRlIjoxMjAwMDAwMDAwMDAwLCJkZWxldGUiOjEyMDAwMDAwMDAwMDAsInVwZGF0ZSI6MTIwMDAwMDAwMDAwMH19",
          "dependencies": [
            "google_project_service.services",
            "google_service_account.app_sa"
          ]
        }
      ]
    },
    {
      "mode": "managed",
      "type": "google_project_iam_member",
      "name": "app_sa_roles",
      "provider": "provider[\"registry.terraform.io/hashicorp/google\"]",
      "instances": [
        {
          "index_key": "dev,roles/aiplatform.user",
          "schema_version": 0,
          "attributes": {
            "condition": [],
            "etag": "BwY8WENjxJU=",
            "id": "my-first-project-199607/roles/aiplatform.user/serviceAccount:ai-news-agent-app@my-first-project-199607.iam.gserviceaccount.com",
            "member": "serviceAccount:ai-news-agent-app@my-first-project-199607.iam.gserviceaccount.com",
            "project": "my-first-project-199607",
            "role": "roles/aiplatform.user"
          },
          "sensitive_attributes": [],
          "identity_schema_version": 0,
          "private": "bnVsbA==",
          "dependencies": [
            "google_project_service.services",
            "google_service_account.app_sa"
          ]
        },
        {
          "index_key": "dev,roles/cloudtrace.agent",
          "schema_version": 0,
          "attributes": {
            "condition": [],
            "etag": "BwY8WENjxJU=",
            "id": "my-first-project-199607/roles/cloudtrace.agent/serviceAccount:ai-news-agent-app@my-first-project-199607.iam.gserviceaccount.com",
            "member": "serviceAccount:ai-news-agent-app@my-first-project-199607.iam.gserviceaccount.com",
            "project": "my-first-project-199607",
            "role": "roles/cloudtrace.agent"
          },
          "sensitive_attributes": [],
          "identity_schema_version": 0,
          "private": "bnVsbA==",
          "dependencies": [
            "google_project_service.services",
            "google_service_account.app_sa"
          ]
        },
        {
          "index_key": "dev,roles/discoveryengine.editor",
          "schema_version": 0,
          "attributes": {
            "condition": [],
            "etag": "BwY8WENjxJU=",
            "id": "my-first-project-199607/roles/discoveryengine.editor/serviceAccount:ai-news-agent-app@my-first-project-199607.iam.gserviceaccount.com",
            "member": "serviceAccount:ai-news-agent-app@my-first-project-199607.iam.gserviceaccount.com",
            "project": "my-first-project-199607",
            "role": "roles/discoveryengine.editor"
          },
          "sensitive_attributes": [],
          "identity_schema_version": 0,
          "private": "bnVsbA==",
          "dependencies": [
            "google_project_service.services",
            "google_service_account.app_sa"
          ]
        },
        {
          "index_key": "dev,roles/logging.logWriter",
          "schema_version": 0,
          "attributes": {
            "condition": [],
            "etag": "BwY8WENjxJU=",
            "id": "my-first-project-199607/roles/logging.logWriter/serviceAccount:ai-news-agent-app@my-first-project-199607.iam.gserviceaccount.com",
            "member": "serviceAccount:ai-news-agent-app@my-first-project-199607.iam.gserviceaccount.com",
            "project": "my-first-project-199607",
            "role": "roles/logging.logWriter"
          },
          "sensitive_attributes": [],
          "identity_schema_version": 0,
          "private": "bnVsbA==",
          "dependencies": [
            "google_project_service.services",
            "google_service_account.app_sa"
          ]
        },
        {
          "index_key": "dev,roles/serviceusage.serviceUsageConsumer",
          "schema_version": 0,
          "attributes": {
            "condition": [],
            "etag": "BwY8WENjxJU=",
            "id": "my-first-project-199607/roles/serviceusage.serviceUsageConsumer/serviceAccount:ai-news-agent-app@my-first-project-199607.iam.gserviceaccount.com",
            "member": "serviceAccount:ai-news-agent-app@my-first-project-199607.iam.gserviceaccount.com",
            "project": "my-first-project-199607",
            "role": "roles/serviceusage.serviceUsageConsumer"
          },
          "sensitive_attributes": [],
          "identity_schema_version": 0,
          "private": "bnVsbA==",
          "dependencies": [
            "google_project_service.services",
            "google_service_account.app_sa"
          ]
        },
        {
          "index_key": "dev,roles/storage.admin",
          "schema_version": 0,
          "attributes": {
            "condition": [],
            "etag": "BwY8WENjxJU=",
            "id": "my-first-project-199607/roles/storage.admin/serviceAccount:ai-news-agent-app@my-first-project-199607.iam.gserviceaccount.com",
            "member": "serviceAccount:ai-news-agent-app@my-first-project-199607.iam.gserviceaccount.com",
            "project": "my-first-project-199607",
            "role": "roles/storage.admin"
          },
          "sensitive_attributes": [],
          "identity_schema_version": 0,
          "private": "bnVsbA==",
          "dependencies": [
            "google_project_service.services",
            "google_service_account.app_sa"
          ]
        }
      ]
    },
    {
      "mode": "managed",
      "type": "google_project_iam_member",
      "name": "bigquery_data_editor",
      "provider": "provider[\"registry.terraform.io/hashicorp/google\"]",
      "instances": [
        {
          "schema_version": 0,
          "attributes": {
            "condition": [],
            "etag": "BwY8WENjxJU=",
            "id": "my-first-project-199607/roles/bigquery.dataEditor/serviceAccount:service-716844972710@gcp-sa-logging.iam.gserviceaccount.com",
            "member": "serviceAccount:service-716844972710@gcp-sa-logging.iam.gserviceaccount.com",
            "project": "my-first-project-199607",
            "role": "roles/bigquery.dataEditor"
          },
          "sensitive_attributes": [],
          "identity_schema_version": 0,
          "private": "bnVsbA==",
          "dependencies": [
            "google_bigquery_dataset.telemetry_logs_dataset",
            "google_project_service.services",
            "module.log_export_to_bigquery.google_logging_billing_account_sink.sink",
            "module.log_export_to_bigquery.google_logging_folder_sink.sink",
            "module.log_export_to_bigquery.google_logging_organization_sink.sink",
            "module.log_export_to_bigquery.google_logging_project_sink.sink"
          ]
        }
      ]
    },
    {
      "mode": "managed",
      "type": "google_project_iam_member",
      "name": "default_compute_sa_storage_object_creator",
      "provider": "provider[\"registry.terraform.io/hashicorp/google\"]",
      "instances": [
        {
          "schema_version": 0,
          "attributes": {
            "condition": [],
            "etag": "BwY8WEK9Tnc=",
            "id": "my-first-project-199607/roles/cloudbuild.builds.builder/serviceAccount:716844972710-compute@developer.gserviceaccount.com",
            "member": "serviceAccount:716844972710-compute@developer.gserviceaccount.com",
            "project": "my-first-project-199607",
            "role": "roles/cloudbuild.builds.builder"
          },
          "sensitive_attributes": [],
          "identity_schema_version": 0,
          "private": "bnVsbA==",
          "dependencies": [
            "data.google_project.dev_project",
            "google_project_service.services"
          ]
        }
      ]
    },
    {
      "mode": "managed",
      "type": "google_project_service",
      "name": "services",
      "provider": "provider[\"registry.terraform.io/hashicorp/google\"]",
      "instances": [
        {
          "index_key": 0,
          "schema_version": 0,
          "attributes": {
            "disable_dependent_services": null,
            "disable_on_destroy": false,
            "id": "my-first-project-199607/aiplatform.googleapis.com",
            "project": "my-first-project-199607",
            "service": "aiplatform.googleapis.com",
            "timeouts": null
          },
          "sensitive_attributes": [],
          "identity_schema_version": 0,
          "private": "eyJlMmJmYjczMC1lY2FhLTExZTYtOGY4OC0zNDM2M2JjN2M0YzAiOnsiY3JlYXRlIjoxMjAwMDAwMDAwMDAwLCJkZWxldGUiOjEyMDAwMDAwMDAwMDAsInJlYWQiOjYwMDAwMDAwMDAwMCwidXBkYXRlIjoxMjAwMDAwMDAwMDAwfX0="
        },
        {
          "index_key": 1,
          "schema_version": 0,
          "attributes": {
            "disable_dependent_services": null,
            "disable_on_destroy": false,
            "id": "my-first-project-199607/cloudbuild.googleapis.com",
            "project": "my-first-project-199607",
            "service": "cloudbuild.googleapis.com",
            "timeouts": null
          },
          "sensitive_attributes": [],
          "identity_schema_version": 0,
          "private": "eyJlMmJmYjczMC1lY2FhLTExZTYtOGY4OC0zNDM2M2JjN2M0YzAiOnsiY3JlYXRlIjoxMjAwMDAwMDAwMDAwLCJkZWxldGUiOjEyMDAwMDAwMDAwMDAsInJlYWQiOjYwMDAwMDAwMDAwMCwidXBkYXRlIjoxMjAwMDAwMDAwMDAwfX0="
        },
        {
          "index_key": 2,
          "schema_version": 0,
          "attributes": {
            "disable_dependent_services": null,
            "disable_on_destroy": false,
            "id": "my-first-project-199607/run.googleapis.com",
            "project": "my-first-project-199607",
            "service": "run.googleapis.com",
            "timeouts": null
          },
          "sensitive_attributes": [],
          "identity_schema_version": 0,
          "private": "eyJlMmJmYjczMC1lY2FhLTExZTYtOGY4OC0zNDM2M2JjN2M0YzAiOnsiY3JlYXRlIjoxMjAwMDAwMDAwMDAwLCJkZWxldGUiOjEyMDAwMDAwMDAwMDAsInJlYWQiOjYwMDAwMDAwMDAwMCwidXBkYXRlIjoxMjAwMDAwMDAwMDAwfX0="
        },
        {
          "index_key": 3,
          "schema_version": 0,
          "attributes": {
            "disable_dependent_services": null,
            "disable_on_destroy": false,
            "id": "my-first-project-199607/bigquery.googleapis.com",
            "project": "my-first-project-199607",
            "service": "bigquery.googleapis.com",
            "timeouts": null
          },
          "sensitive_attributes": [],
          "identity_schema_version": 0,
          "private": "eyJlMmJmYjczMC1lY2FhLTExZTYtOGY4OC0zNDM2M2JjN2M0YzAiOnsiY3JlYXRlIjoxMjAwMDAwMDAwMDAwLCJkZWxldGUiOjEyMDAwMDAwMDAwMDAsInJlYWQiOjYwMDAwMDAwMDAwMCwidXBkYXRlIjoxMjAwMDAwMDAwMDAwfX0="
        },
        {
          "index_key": 4,
          "schema_version": 0,
          "attributes": {
            "disable_dependent_services": null,
            "disable_on_destroy": false,
            "id": "my-first-project-199607/discoveryengine.googleapis.com",
            "project": "my-first-project-199607",
            "service": "discoveryengine.googleapis.com",
            "timeouts": null
          },
          "sensitive_attributes": [],
          "identity_schema_version": 0,
          "private": "eyJlMmJmYjczMC1lY2FhLTExZTYtOGY4OC0zNDM2M2JjN2M0YzAiOnsiY3JlYXRlIjoxMjAwMDAwMDAwMDAwLCJkZWxldGUiOjEyMDAwMDAwMDAwMDAsInJlYWQiOjYwMDAwMDAwMDAwMCwidXBkYXRlIjoxMjAwMDAwMDAwMDAwfX0="
        },
        {
          "index_key": 5,
          "schema_version": 0,
          "attributes": {
            "disable_dependent_services": null,
            "disable_on_destroy": false,
            "id": "my-first-project-199607/cloudresourcemanager.googleapis.com",
            "project": "my-first-project-199607",
            "service": "cloudresourcemanager.googleapis.com",
            "timeouts": null
          },
          "sensitive_attributes": [],
          "identity_schema_version": 0,
          "private": "eyJlMmJmYjczMC1lY2FhLTExZTYtOGY4OC0zNDM2M2JjN2M0YzAiOnsiY3JlYXRlIjoxMjAwMDAwMDAwMDAwLCJkZWxldGUiOjEyMDAwMDAwMDAwMDAsInJlYWQiOjYwMDAwMDAwMDAwMCwidXBkYXRlIjoxMjAwMDAwMDAwMDAwfX0="
        },
        {
          "index_key": 6,
          "schema_version": 0,
          "attributes": {
            "disable_dependent_services": null,
            "disable_on_destroy": false,
            "id": "my-first-project-199607/iam.googleapis.com",
            "project": "my-first-project-199607",
            "service": "iam.googleapis.com",
            "timeouts": null
          },
          "sensitive_attributes": [],
          "identity_schema_version": 0,
          "private": "eyJlMmJmYjczMC1lY2FhLTExZTYtOGY4OC0zNDM2M2JjN2M0YzAiOnsiY3JlYXRlIjoxMjAwMDAwMDAwMDAwLCJkZWxldGUiOjEyMDAwMDAwMDAwMDAsInJlYWQiOjYwMDAwMDAwMDAwMCwidXBkYXRlIjoxMjAwMDAwMDAwMDAwfX0="
        },
        {
          "index_key": 7,
          "schema_version": 0,
          "attributes": {
            "disable_dependent_services": null,
            "disable_on_destroy": false,
            "id": "my-first-project-199607/bigquery.googleapis.com",
            "project": "my-first-project-199607",
            "service": "bigquery.googleapis.com",
            "timeouts": null
          },
          "sensitive_attributes": [],
          "identity_schema_version": 0,
          "private": "eyJlMmJmYjczMC1lY2FhLTExZTYtOGY4OC0zNDM2M2JjN2M0YzAiOnsiY3JlYXRlIjoxMjAwMDAwMDAwMDAwLCJkZWxldGUiOjEyMDAwMDAwMDAwMDAsInJlYWQiOjYwMDAwMDAwMDAwMCwidXBkYXRlIjoxMjAwMDAwMDAwMDAwfX0="
        },
        {
          "index_key": 8,
          "schema_version": 0,
          "attributes": {
            "disable_dependent_services": null,
            "disable_on_destroy": false,
            "id": "my-first-project-199607/serviceusage.googleapis.com",
            "project": "my-first-project-199607",
            "service": "serviceusage.googleapis.com",
            "timeouts": null
          },
          "sensitive_attributes": [],
          "identity_schema_version": 0,
          "private": "eyJlMmJmYjczMC1lY2FhLTExZTYtOGY4OC0zNDM2M2JjN2M0YzAiOnsiY3JlYXRlIjoxMjAwMDAwMDAwMDAwLCJkZWxldGUiOjEyMDAwMDAwMDAwMDAsInJlYWQiOjYwMDAwMDAwMDAwMCwidXBkYXRlIjoxMjAwMDAwMDAwMDAwfX0="
        },
        {
          "index_key": 9,
          "schema_version": 0,
          "attributes": {
            "disable_dependent_services": null,
            "disable_on_destroy": false,
            "id": "my-first-project-199607/logging.googleapis.com",
            "project": "my-first-project-199607",
            "service": "logging.googleapis.com",
            "timeouts": null
          },
          "sensitive_attributes": [],
          "identity_schema_version": 0,
          "private": "eyJlMmJmYjczMC1lY2FhLTExZTYtOGY4OC0zNDM2M2JjN2M0YzAiOnsiY3JlYXRlIjoxMjAwMDAwMDAwMDAwLCJkZWxldGUiOjEyMDAwMDAwMDAwMDAsInJlYWQiOjYwMDAwMDAwMDAwMCwidXBkYXRlIjoxMjAwMDAwMDAwMDAwfX0="
        },
        {
          "index_key": 10,
          "schema_version": 0,
          "attributes": {
            "disable_dependent_services": null,
            "disable_on_destroy": false,
            "id": "my-first-project-199607/cloudtrace.googleapis.com",
            "project": "my-first-project-199607",
            "service": "cloudtrace.googleapis.com",
            "timeouts": null
          },
          "sensitive_attributes": [],
          "identity_schema_version": 0,
          "private": "eyJlMmJmYjczMC1lY2FhLTExZTYtOGY4OC0zNDM2M2JjN2M0YzAiOnsiY3JlYXRlIjoxMjAwMDAwMDAwMDAwLCJkZWxldGUiOjEyMDAwMDAwMDAwMDAsInJlYWQiOjYwMDAwMDAwMDAwMCwidXBkYXRlIjoxMjAwMDAwMDAwMDAwfX0="
        }
      ]
    },
    {
      "mode": "managed",
      "type": "google_project_service_identity",
      "name": "vertex_sa",
      "provider": "provider[\"registry.terraform.io/hashicorp/google-beta\"]",
      "instances": [
        {
          "schema_version": 0,
          "attributes": {
            "email": "service-716844972710@gcp-sa-aiplatform.iam.gserviceaccount.com",
            "id": "projects/my-first-project-199607/services/aiplatform.googleapis.com",
            "member": "serviceAccount:service-716844972710@gcp-sa-aiplatform.iam.gserviceaccount.com",
            "project": "my-first-project-199607",
            "service": "aiplatform.googleapis.com",
            "timeouts": null
          },
          "sensitive_attributes": [],
          "identity_schema_version": 0,
          "private": "eyJlMmJmYjczMC1lY2FhLTExZTYtOGY4OC0zNDM2M2JjN2M0YzAiOnsiY3JlYXRlIjoxMjAwMDAwMDAwMDAwLCJkZWxldGUiOjEyMDAwMDAwMDAwMDAsInJlYWQiOjYwMDAwMDAwMDAwMH19"
        }
      ]
    },
    {
      "mode": "managed",
      "type": "google_service_account",
      "name": "app_sa",
      "provider": "provider[\"registry.terraform.io/hashicorp/google\"]",
      "instances": [
        {
          "schema_version": 0,
          "attributes": {
            "account_id": "ai-news-agent-app",
            "create_ignore_already_exists": null,
            "description": "",
            "disabled": false,
            "display_name": "ai-news-agent Agent Service Account",
            "email": "ai-news-agent-app@my-first-project-199607.iam.gserviceaccount.com",
            "id": "projects/my-first-project-199607/serviceAccounts/ai-news-agent-app@my-first-project-199607.iam.gserviceaccount.com",
            "member": "serviceAccount:ai-news-agent-app@my-first-project-199607.iam.gserviceaccount.com",
            "name": "projects/my-first-project-199607/serviceAccounts/ai-news-agent-app@my-first-project-199607.iam.gserviceaccount.com",
            "project": "my-first-project-199607",
            "timeouts": null,
            "unique_id": "105259431103584293016"
          },
          "sensitive_attributes": [],
          "identity_schema_version": 0,
          "private": "eyJlMmJmYjczMC1lY2FhLTExZTYtOGY4OC0zNDM2M2JjN2M0YzAiOnsiY3JlYXRlIjozMDAwMDAwMDAwMDB9fQ==",
          "dependencies": [
            "google_project_service.services"
          ]
        }
      ]
    },
    {
      "mode": "managed",
      "type": "google_storage_bucket",
      "name": "logs_data_bucket",
      "provider": "provider[\"registry.terraform.io/hashicorp/google\"]",
      "instances": [
        {
          "schema_version": 3,
          "attributes": {
            "autoclass": [],
            "cors": [],
            "custom_placement_config": [],
            "default_event_based_hold": false,
            "effective_labels": {
              "goog-terraform-provisioned": "true"
            },
            "enable_object_retention": false,
            "encryption": [],
            "force_destroy": false,
            "hierarchical_namespace": [
              {
                "enabled": false
              }
            ],
            "id": "my-first-project-199607-ai-news-agent-logs-data",
            "ip_filter": [],
            "labels": null,
            "lifecycle_rule": [],
            "location": "US-CENTRAL1",
            "logging": [],
            "name": "my-first-project-199607-ai-news-agent-logs-data",
            "project": "my-first-project-199607",
            "project_number": 716844972710,
            "public_access_prevention": "inherited",
            "requester_pays": false,
            "retention_policy": [],
            "rpo": null,
            "self_link": "https://www.googleapis.com/storage/v1/b/my-first-project-199607-ai-news-agent-logs-data",
            "soft_delete_policy": [
              {
                "effective_time": "2025-08-14T19:27:06.318Z",
                "retention_duration_seconds": 604800
              }
            ],
            "storage_class": "STANDARD",
            "terraform_labels": {
              "goog-terraform-provisioned": "true"
            },
            "time_created": "2025-08-14T19:27:06.318Z",
            "timeouts": null,
            "uniform_bucket_level_access": true,
            "updated": "2025-08-14T19:27:06.318Z",
            "url": "gs://my-first-project-199607-ai-news-agent-logs-data",
            "versioning": [],
            "website": []
          },
          "sensitive_attributes": [],
          "identity_schema_version": 0,
          "private": "eyJlMmJmYjczMC1lY2FhLTExZTYtOGY4OC0zNDM2M2JjN2M0YzAiOnsiY3JlYXRlIjo2MDAwMDAwMDAwMDAsInJlYWQiOjI0MDAwMDAwMDAwMCwidXBkYXRlIjoyNDAwMDAwMDAwMDB9LCJzY2hlbWFfdmVyc2lvbiI6IjMifQ==",
          "dependencies": [
            "google_project_service.services"
          ]
        }
      ]
    },
    {
      "module": "module.feedback_export_to_bigquery",
      "mode": "managed",
      "type": "google_logging_project_sink",
      "name": "sink",
      "provider": "provider[\"registry.terraform.io/hashicorp/google\"]",
      "instances": [
        {
          "index_key": 0,
          "schema_version": 0,
          "attributes": {
            "bigquery_options": [
              {
                "use_partitioned_tables": true
              }
            ],
            "custom_writer_identity": null,
            "description": "",
            "destination": "bigquery.googleapis.com/projects/my-first-project-199607/datasets/ai_news_agent_feedback",
            "disabled": false,
            "exclusions": [],
            "filter": "jsonPayload.log_type=\"feedback\" jsonPayload.service_name=\"ai-news-agent\"",
            "id": "projects/my-first-project-199607/sinks/ai-news-agent_feedback",
            "name": "ai-news-agent_feedback",
            "project": "my-first-project-199607",
            "unique_writer_identity": true,
            "writer_identity": "serviceAccount:service-716844972710@gcp-sa-logging.iam.gserviceaccount.com"
          },
          "sensitive_attributes": [],
          "identity_schema_version": 0,
          "private": "bnVsbA==",
          "dependencies": [
            "google_bigquery_dataset.feedback_dataset",
            "google_project_service.services"
          ]
        }
      ]
    },
    {
      "module": "module.log_export_to_bigquery",
      "mode": "managed",
      "type": "google_logging_project_sink",
      "name": "sink",
      "provider": "provider[\"registry.terraform.io/hashicorp/google\"]",
      "instances": [
        {
          "index_key": 0,
          "schema_version": 0,
          "attributes": {
            "bigquery_options": [
              {
                "use_partitioned_tables": true
              }
            ],
            "custom_writer_identity": null,
            "description": "",
            "destination": "bigquery.googleapis.com/projects/my-first-project-199607/datasets/ai_news_agent_telemetry",
            "disabled": false,
            "exclusions": [],
            "filter": "labels.service_name=\"ai-news-agent\" labels.type=\"agent_telemetry\"",
            "id": "projects/my-first-project-199607/sinks/ai-news-agent_telemetry",
            "name": "ai-news-agent_telemetry",
            "project": "my-first-project-199607",
            "unique_writer_identity": true,
            "writer_identity": "serviceAccount:service-716844972710@gcp-sa-logging.iam.gserviceaccount.com"
          },
          "sensitive_attributes": [],
          "identity_schema_version": 0,
          "private": "bnVsbA==",
          "dependencies": [
            "google_bigquery_dataset.telemetry_logs_dataset",
            "google_project_service.services"
          ]
        }
      ]
    }
  ],
  "check_results": null
}
